# novo.lock — auto-generated by novo pkg, do not edit

[crypto-nv]
source = "registry"
url = "https://registry.novo-lang.org"
req = "^0.1"
version = "0.1.1"
hash = "619a7d9355172f45b1ff7ceb4234a1ee5edc8ba5d14693d455f7acc495957f78"

[p256-nv]
source = "registry"
url = "https://registry.novo-lang.org"
req = "^0.0.1"
version = "0.0.1"
hash = "f77358785a8a3ffd9c470f4fcffb806e46631a8d3f6ef8c8b5cfdd06b352b8c4"
