# novo.lock — auto-generated by novo pkg, do not edit

[crypto-nv]
source = "registry"
url = "https://registry.novo-lang.org"
req = "^0.1"
version = "0.1.1"
hash = "619a7d9355172f45b1ff7ceb4234a1ee5edc8ba5d14693d455f7acc495957f78"

[p256-nv]
source = "registry"
url = "https://registry.novo-lang.org"
req = "^0.0.2"
version = "0.0.2"
hash = "43963bc44653381f2e569f678c34c7459bb8903d0a968e79eb5b1ccc6bfd00ac"
